// !$*UTF8*$!
{
	archiveVersion = 1;
	classes = {
	};
	objectVersion = 46;
	objects = {

/* Begin PBXBuildFile section */
		8A218E751E14856B00770767 /* AppDelegate.swift in Sources */ = {isa = PBXBuildFile; fileRef = 8A218E741E14856B00770767 /* AppDelegate.swift */; };
		8A218E771E14856B00770767 /* ViewController.swift in Sources */ = {isa = PBXBuildFile; fileRef = 8A218E761E14856B00770767 /* ViewController.swift */; };
		8A218E7A1E14856B00770767 /* Main.storyboard in Resources */ = {isa = PBXBuildFile; fileRef = 8A218E781E14856B00770767 /* Main.storyboard */; };
		8A218E7C1E14856B00770767 /* Assets.xcassets in Resources */ = {isa = PBXBuildFile; fileRef = 8A218E7B1E14856B00770767 /* Assets.xcassets */; };
		8A218E7F1E14856B00770767 /* LaunchScreen.storyboard in Resources */ = {isa = PBXBuildFile; fileRef = 8A218E7D1E14856B00770767 /* LaunchScreen.storyboard */; };
		8A218E871E1489D700770767 /* zipTextDelegate.swift in Sources */ = {isa = PBXBuildFile; fileRef = 8A218E861E1489D700770767 /* zipTextDelegate.swift */; };
		8A218E891E1489FA00770767 /* cashTextDelegate.swift in Sources */ = {isa = PBXBuildFile; fileRef = 8A218E881E1489FA00770767 /* cashTextDelegate.swift */; };
		8A218E8B1E148A1F00770767 /* unlockTextDelegate.swift in Sources */ = {isa = PBXBuildFile; fileRef = 8A218E8A1E148A1F00770767 /* unlockTextDelegate.swift */; };
/* End PBXBuildFile section */

/* Begin PBXFileReference section */
		8A218E711E14856B00770767 /* ChallengeTextApp.app */ = {isa = PBXFileReference; explicitFileType = wrapper.application; includeInIndex = 0; path = ChallengeTextApp.app; sourceTree = BUILT_PRODUCTS_DIR; };
		8A218E741E14856B00770767 /* AppDelegate.swift */ = {isa = PBXFileReference; lastKnownFileType = sourcecode.swift; path = AppDelegate.swift; sourceTree = "<group>"; };
		8A218E761E14856B00770767 /* ViewController.swift */ = {isa = PBXFileReference; lastKnownFileType = sourcecode.swift; path = ViewController.swift; sourceTree = "<group>"; };
		8A218E791E14856B00770767 /* Base */ = {isa = PBXFileReference; lastKnownFileType = file.storyboard; name = Base; path = Base.lproj/Main.storyboard; sourceTree = "<group>"; };
		8A218E7B1E14856B00770767 /* Assets.xcassets */ = {isa = PBXFileReference; lastKnownFileType = folder.assetcatalog; path = Assets.xcassets; sourceTree = "<group>"; };
		8A218E7E1E14856B00770767 /* Base */ = {isa = PBXFileReference; lastKnownFileType = file.storyboard; name = Base; path = Base.lproj/LaunchScreen.storyboard; sourceTree = "<group>"; };
		8A218E801E14856B00770767 /* Info.plist */ = {isa = PBXFileReference; lastKnownFileType = text.plist.xml; path = Info.plist; sourceTree = "<group>"; };
		8A218E861E1489D700770767 /* zipTextDelegate.swift */ = {isa = PBXFileReference; fileEncoding = 4; lastKnownFileType = sourcecode.swift; path = zipTextDelegate.swift; sourceTree = "<group>"; };
		8A218E881E1489FA00770767 /* cashTextDelegate.swift */ = {isa = PBXFileReference; fileEncoding = 4; lastKnownFileType = sourcecode.swift; path = cashTextDelegate.swift; sourceTree = "<group>"; };
		8A218E8A1E148A1F00770767 /* unlockTextDelegate.swift */ = {isa = PBXFileReference; fileEncoding = 4; lastKnownFileType = sourcecode.swift; path = unlockTextDelegate.swift; sourceTree = "<group>"; };
/* End PBXFileReference section */

/* Begin PBXFrameworksBuildPhase section */
		8A218E6E1E14856B00770767 /* Frameworks */ = {
			isa = PBXFrameworksBuildPhase;
			buildActionMask = 2147483647;
			files = (
			);
			runOnlyForDeploymentPostprocessing = 0;
		};
/* End PBXFrameworksBuildPhase section */

/* Begin PBXGroup section */
		8A218E681E14856B00770767 = {
			isa = PBXGroup;
			children = (
				8A218E731E14856B00770767 /* ChallengeTextApp */,
				8A218E721E14856B00770767 /* Products */,
			);
			sourceTree = "<group>";
		};
		8A218E721E14856B00770767 /* Products */ = {
			isa = PBXGroup;
			children = (
				8A218E711E14856B00770767 /* ChallengeTextApp.app */,
			);
			name = Products;
			sourceTree = "<group>";
		};
		8A218E731E14856B00770767 /* ChallengeTextApp */ = {
			isa = PBXGroup;
			children = (
				8A218E741E14856B00770767 /* AppDelegate.swift */,
				8A218E761E14856B00770767 /* ViewController.swift */,
				8A218E861E1489D700770767 /* zipTextDelegate.swift */,
				8A218E881E1489FA00770767 /* cashTextDelegate.swift */,
				8A218E8A1E148A1F00770767 /* unlockTextDelegate.swift */,
				8A218E781E14856B00770767 /* Main.storyboard */,
				8A218E7B1E14856B00770767 /* Assets.xcassets */,
				8A218E7D1E14856B00770767 /* LaunchScreen.storyboard */,
				8A218E801E14856B00770767 /* Info.plist */,
			);
			path = ChallengeTextApp;
			sourceTree = "<group>";
		};
/* End PBXGroup section */

/* Begin PBXNativeTarget section */
		8A218E701E14856B00770767 /* ChallengeTextApp */ = {
			isa = PBXNativeTarget;
			buildConfigurationList = 8A218E831E14856B00770767 /* Build configuration list for PBXNativeTarget "ChallengeTextApp" */;
			buildPhases = (
				8A218E6D1E14856B00770767 /* Sources */,
				8A218E6E1E14856B00770767 /* Frameworks */,
				8A218E6F1E14856B00770767 /* Resources */,
			);
			buildRules = (
			);
			dependencies = (
			);
			name = ChallengeTextApp;
			productName = ChallengeTextApp;
			productReference = 8A218E711E14856B00770767 /* ChallengeTextApp.app */;
			productType = "com.apple.product-type.application";
		};
/* End PBXNativeTarget section */

/* Begin PBXProject section */
		8A218E691E14856B00770767 /* Project object */ = {
			isa = PBXProject;
			attributes = {
				LastSwiftUpdateCheck = 0820;
				LastUpgradeCheck = 0820;
				ORGANIZATIONNAME = fabriceberetta;
				TargetAttributes = {
					8A218E701E14856B00770767 = {
						CreatedOnToolsVersion = 8.2.1;
						DevelopmentTeam = 4T3NB83323;
						ProvisioningStyle = Automatic;
					};
				};
			};
			buildConfigurationList = 8A218E6C1E14856B00770767 /* Build configuration list for PBXProject "ChallengeTextApp" */;
			compatibilityVersion = "Xcode 3.2";
			developmentRegion = English;
			hasScannedForEncodings = 0;
			knownRegions = (
				en,
				Base,
			);
			mainGroup = 8A218E681E14856B00770767;
			productRefGroup = 8A218E721E14856B00770767 /* Products */;
			projectDirPath = "";
			projectRoot = "";
			targets = (
				8A218E701E14856B00770767 /* ChallengeTextApp */,
			);
		};
/* End PBXProject section */

/* Begin PBXResourcesBuildPhase section */
		8A218E6F1E14856B00770767 /* Resources */ = {
			isa = PBXResourcesBuildPhase;
			buildActionMask = 2147483647;
			files = (
				8A218E7F1E14856B00770767 /* LaunchScreen.storyboard in Resources */,
				8A218E7C1E14856B00770767 /* Assets.xcassets in Resources */,
				8A218E7A1E14856B00770767 /* Main.storyboard in Resources */,
			);
			runOnlyForDeploymentPostprocessing = 0;
		};
/* End PBXResourcesBuildPhase section */

/* Begin PBXSourcesBuildPhase section */
		8A218E6D1E14856B00770767 /* Sources */ = {
			isa = PBXSourcesBuildPhase;
			buildActionMask = 2147483647;
			files = (
				8A218E771E14856B00770767 /* ViewController.swift in Sources */,
				8A218E751E14856B00770767 /* AppDelegate.swift in Sources */,
				8A218E871E1489D700770767 /* zipTextDelegate.swift in Sources */,
				8A218E891E1489FA00770767 /* cashTextDelegate.swift in Sources */,
				8A218E8B1E148A1F00770767 /* unlockTextDelegate.swift in Sources */,
			);
			runOnlyForDeploymentPostprocessing = 0;
		};
/* End PBXSourcesBuildPhase section */

/* Begin PBXVariantGroup section */
		8A218E781E14856B00770767 /* Main.storyboard */ = {
			isa = PBXVariantGroup;
			children = (
				8A218E791E14856B00770767 /* Base */,
			);
			name = Main.storyboard;
			sourceTree = "<group>";
		};
		8A218E7D1E14856B00770767 /* LaunchScreen.storyboard */ = {
			isa = PBXVariantGroup;
			children = (
				8A218E7E1E14856B00770767 /* Base */,
			);
			name = LaunchScreen.storyboard;
			sourceTree = "<group>";
		};
/* End PBXVariantGroup section */

/* Begin XCBuildConfiguration section */
		8A218E811E14856B00770767 /* Debug */ = {
			isa = XCBuildConfiguration;
			buildSettings = {
				ALWAYS_SEARCH_USER_PATHS = NO;
				CLANG_ANALYZER_NONNULL = YES;
				CLANG_CXX_LANGUAGE_STANDARD = "gnu++0x";
				CLANG_CXX_LIBRARY = "libc++";
				CLANG_ENABLE_MODULES = YES;
				CLANG_ENABLE_OBJC_ARC = YES;
				CLANG_WARN_BOOL_CONVERSION = YES;
				CLANG_WARN_CONSTANT_CONVERSION = YES;
				CLANG_WARN_DIRECT_OBJC_ISA_USAGE = YES_ERROR;
				CLANG_WARN_DOCUMENTATION_COMMENTS = YES;
				CLANG_WARN_EMPTY_BODY = YES;
				CLANG_WARN_ENUM_CONVERSION = YES;
				CLANG_WARN_INFINITE_RECURSION = YES;
				CLANG_WARN_INT_CONVERSION = YES;
				CLANG_WARN_OBJC_ROOT_CLASS = YES_ERROR;
				CLANG_WARN_SUSPICIOUS_MOVE = YES;
				CLANG_WARN_UNREACHABLE_CODE = YES;
				CLANG_WARN__DUPLICATE_METHOD_MATCH = YES;
				"CODE_SIGN_IDENTITY[sdk=iphoneos*]" = "iPhone Developer";
				COPY_PHASE_STRIP = NO;
				DEBUG_INFORMATION_FORMAT = dwarf;
				ENABLE_STRICT_OBJC_MSGSEND = YES;
				ENABLE_TESTABILITY = YES;
				GCC_C_LANGUAGE_STANDARD = gnu99;
				GCC_DYNAMIC_NO_PIC = NO;
				GCC_NO_COMMON_BLOCKS = YES;
				GCC_OPTIMIZATION_LEVEL = 0;
				GCC_PREPROCESSOR_DEFINITIONS = (
					"DEBUG=1",
					"$(inherited)",
				);
				GCC_WARN_64_TO_32_BIT_CONVERSION = YES;
				GCC_WARN_ABOUT_RETURN_TYPE = YES_ERROR;
				GCC_WARN_UNDECLARED_SELECTOR = YES;
				GCC_WARN_UNINITIALIZED_AUTOS = YES_AGGRESSIVE;
				GCC_WARN_UNUSED_FUNCTION = YES;
				GCC_WARN_UNUSED_VARIABLE = YES;
				IPHONEOS_DEPLOYMENT_TARGET = 10.2;
				MTL_ENABLE_DEBUG_INFO = YES;
				ONLY_ACTIVE_ARCH = YES;
				SDKROOT = iphoneos;
				SWIFT_ACTIVE_COMPILATION_CONDITIONS = DEBUG;
				SWIFT_OPTIMIZATION_LEVEL = "-Onone";
				TARGETED_DEVICE_FAMILY = "1,2";
			};
			name = Debug;
		};
		8A218E821E14856B00770767 /* Release */ = {
			isa = XCBuildConfiguration;
			buildSettings = {
				ALWAYS_SEARCH_USER_PATHS = NO;
				CLANG_ANALYZER_NONNULL = YES;
				CLANG_CXX_LANGUAGE_STANDARD = "gnu++0x";
				CLANG_CXX_LIBRARY = "libc++";
				CLANG_ENABLE_MODULES = YES;
				CLANG_ENABLE_OBJC_ARC = YES;
				CLANG_WARN_BOOL_CONVERSION = YES;
				CLANG_WARN_CONSTANT_CONVERSION = YES;
				CLANG_WARN_DIRECT_OBJC_ISA_USAGE = YES_ERROR;
				CLANG_WARN_DOCUMENTATION_COMMENTS = YES;
				CLANG_WARN_EMPTY_BODY = YES;
				CLANG_WARN_ENUM_CONVERSION = YES;
				CLANG_WARN_INFINITE_RECURSION = YES;
				CLANG_WARN_INT_CONVERSION = YES;
				CLANG_WARN_OBJC_ROOT_CLASS = YES_ERROR;
				CLANG_WARN_SUSPICIOUS_MOVE = YES;
				CLANG_WARN_UNREACHABLE_CODE = YES;
				CLANG_WARN__DUPLICATE_METHOD_MATCH = YES;
				"CODE_SIGN_IDENTITY[sdk=iphoneos*]" = "iPhone Developer";
				COPY_PHASE_STRIP = NO;
				DEBUG_INFORMATION_FORMAT = "dwarf-with-dsym";
				ENABLE_NS_ASSERTIONS = NO;
				ENABLE_STRICT_OBJC_MSGSEND = YES;
				GCC_C_LANGUAGE_STANDARD = gnu99;
				GCC_NO_COMMON_BLOCKS = YES;
				GCC_WARN_64_TO_32_BIT_CONVERSION = YES;
				GCC_WARN_ABOUT_RETURN_TYPE = YES_ERROR;
				GCC_WARN_UNDECLARED_SELECTOR = YES;
				GCC_WARN_UNINITIALIZED_AUTOS = YES_AGGRESSIVE;
				GCC_WARN_UNUSED_FUNCTION = YES;
				GCC_WARN_UNUSED_VARIABLE = YES;
				IPHONEOS_DEPLOYMENT_TARGET = 10.2;
				MTL_ENABLE_DEBUG_INFO = NO;
				SDKROOT = iphoneos;
				SWIFT_OPTIMIZATION_LEVEL = "-Owholemodule";
				TARGETED_DEVICE_FAMILY = "1,2";
				VALIDATE_PRODUCT = YES;
			};
			name = Release;
		};
		8A218E841E14856B00770767 /* Debug */ = {
			isa = XCBuildConfiguration;
			buildSettings = {
				ASSETCATALOG_COMPILER_APPICON_NAME = AppIcon;
				DEVELOPMENT_TEAM = 4T3NB83323;
				INFOPLIST_FILE = ChallengeTextApp/Info.plist;
				LD_RUNPATH_SEARCH_PATHS = "$(inherited) @executable_path/Frameworks";
				PRODUCT_BUNDLE_IDENTIFIER = com.udactity.ChallengeTextApp;
				PRODUCT_NAME = "$(TARGET_NAME)";
				SWIFT_VERSION = 3.0;
			};
			name = Debug;
		};
		8A218E851E14856B00770767 /* Release */ = {
			isa = XCBuildConfiguration;
			buildSettings = {
				ASSETCATALOG_COMPILER_APPICON_NAME = AppIcon;
				DEVELOPMENT_TEAM = 4T3NB83323;
				INFOPLIST_FILE = ChallengeTextApp/Info.plist;
				LD_RUNPATH_SEARCH_PATHS = "$(inherited) @executable_path/Frameworks";
				PRODUCT_BUNDLE_IDENTIFIER = com.udactity.ChallengeTextApp;
				PRODUCT_NAME = "$(TARGET_NAME)";
				SWIFT_VERSION = 3.0;
			};
			name = Release;
		};
/* End XCBuildConfiguration section */

/* Begin XCConfigurationList section */
		8A218E6C1E14856B00770767 /* Build configuration list for PBXProject "ChallengeTextApp" */ = {
			isa = XCConfigurationList;
			buildConfigurations = (
				8A218E811E14856B00770767 /* Debug */,
				8A218E821E14856B00770767 /* Release */,
			);
			defaultConfigurationIsVisible = 0;
			defaultConfigurationName = Release;
		};
		8A218E831E14856B00770767 /* Build configuration list for PBXNativeTarget "ChallengeTextApp" */ = {
			isa = XCConfigurationList;
			buildConfigurations = (
				8A218E841E14856B00770767 /* Debug */,
				8A218E851E14856B00770767 /* Release */,
			);
			defaultConfigurationIsVisible = 0;
		};
/* End XCConfigurationList section */
	};
	rootObject = 8A218E691E14856B00770767 /* Project object */;
}
